
Microsoft Visual Studio Solution File, Format Version 12.00
# Visual Studio 2013
VisualStudioVersion = 12.0.30501.0
MinimumVisualStudioVersion = 10.0.40219.1
Project("{FAE04EC0-301F-11D3-BF4B-00C04F79EFBC}") = "DemersSolutions.web", "DemersSolutions.web\DemersSolutions.web.csproj", "{A27A1917-8AF5-4085-840B-D032186AF228}"
EndProject
Project("{FAE04EC0-301F-11D3-BF4B-00C04F79EFBC}") = "DemersSolutions.Dal", "DemersSolutions.Dal\DemersSolutions.Dal.csproj", "{D2CCD268-9DB9-4B28-8B78-3B98D4683BAC}"
EndProject
Project("{FAE04EC0-301F-11D3-BF4B-00C04F79EFBC}") = "DomainClasses", "DomainClasses\DomainClasses.csproj", "{88BC2AA3-61C6-42FF-8121-6B349150695E}"
EndProject
Global
	GlobalSection(SolutionConfigurationPlatforms) = preSolution
		Debug|Any CPU = Debug|Any CPU
		Release|Any CPU = Release|Any CPU
	EndGlobalSection
	GlobalSection(ProjectConfigurationPlatforms) = postSolution
		{A27A1917-8AF5-4085-840B-D032186AF228}.Debug|Any CPU.ActiveCfg = Debug|Any CPU
		{A27A1917-8AF5-4085-840B-D032186AF228}.Debug|Any CPU.Build.0 = Debug|Any CPU
		{A27A1917-8AF5-4085-840B-D032186AF228}.Release|Any CPU.ActiveCfg = Release|Any CPU
		{A27A1917-8AF5-4085-840B-D032186AF228}.Release|Any CPU.Build.0 = Release|Any CPU
		{D2CCD268-9DB9-4B28-8B78-3B98D4683BAC}.Debug|Any CPU.ActiveCfg = Debug|Any CPU
		{D2CCD268-9DB9-4B28-8B78-3B98D4683BAC}.Debug|Any CPU.Build.0 = Debug|Any CPU
		{D2CCD268-9DB9-4B28-8B78-3B98D4683BAC}.Release|Any CPU.ActiveCfg = Release|Any CPU
		{D2CCD268-9DB9-4B28-8B78-3B98D4683BAC}.Release|Any CPU.Build.0 = Release|Any CPU
		{88BC2AA3-61C6-42FF-8121-6B349150695E}.Debug|Any CPU.ActiveCfg = Debug|Any CPU
		{88BC2AA3-61C6-42FF-8121-6B349150695E}.Debug|Any CPU.Build.0 = Debug|Any CPU
		{88BC2AA3-61C6-42FF-8121-6B349150695E}.Release|Any CPU.ActiveCfg = Release|Any CPU
		{88BC2AA3-61C6-42FF-8121-6B349150695E}.Release|Any CPU.Build.0 = Release|Any CPU
	EndGlobalSection
	GlobalSection(SolutionProperties) = preSolution
		HideSolutionNode = FALSE
	EndGlobalSection
EndGlobal
